
Microsoft Visual Studio Solution File, Format Version 12.00
# Visual Studio 15
VisualStudioVersion = 15.0.26124.0
MinimumVisualStudioVersion = 15.0.26124.0
Project("{FAE04EC0-301F-11D3-BF4B-00C04F79EFBC}") = "Simple.Api", "Simple.Api\Simple.Api.csproj", "{C8C58F2A-16C6-468B-98EB-4FD60A987FE1}"
EndProject
Project("{2150E333-8FDC-42A3-9474-1A3956D46DE8}") = "Tests", "Tests", "{00E99729-E0F0-40CD-9C8A-AD8065AC0F90}"
EndProject
Project("{FAE04EC0-301F-11D3-BF4B-00C04F79EFBC}") = "Partial.Content.Tests", "Tests\Partial.Content.Tests\Partial.Content.Tests.csproj", "{50CE86E9-5FFF-4F49-970C-C561EAC5C82A}"
EndProject
Global
	GlobalSection(SolutionConfigurationPlatforms) = preSolution
		Debug|Any CPU = Debug|Any CPU
		Debug|x64 = Debug|x64
		Debug|x86 = Debug|x86
		Release|Any CPU = Release|Any CPU
		Release|x64 = Release|x64
		Release|x86 = Release|x86
	EndGlobalSection
	GlobalSection(SolutionProperties) = preSolution
		HideSolutionNode = FALSE
	EndGlobalSection
	GlobalSection(ProjectConfigurationPlatforms) = postSolution
		{C8C58F2A-16C6-468B-98EB-4FD60A987FE1}.Debug|Any CPU.ActiveCfg = Debug|Any CPU
		{C8C58F2A-16C6-468B-98EB-4FD60A987FE1}.Debug|Any CPU.Build.0 = Debug|Any CPU
		{C8C58F2A-16C6-468B-98EB-4FD60A987FE1}.Debug|x64.ActiveCfg = Debug|Any CPU
		{C8C58F2A-16C6-468B-98EB-4FD60A987FE1}.Debug|x64.Build.0 = Debug|Any CPU
		{C8C58F2A-16C6-468B-98EB-4FD60A987FE1}.Debug|x86.ActiveCfg = Debug|Any CPU
		{C8C58F2A-16C6-468B-98EB-4FD60A987FE1}.Debug|x86.Build.0 = Debug|Any CPU
		{C8C58F2A-16C6-468B-98EB-4FD60A987FE1}.Release|Any CPU.ActiveCfg = Release|Any CPU
		{C8C58F2A-16C6-468B-98EB-4FD60A987FE1}.Release|Any CPU.Build.0 = Release|Any CPU
		{C8C58F2A-16C6-468B-98EB-4FD60A987FE1}.Release|x64.ActiveCfg = Release|Any CPU
		{C8C58F2A-16C6-468B-98EB-4FD60A987FE1}.Release|x64.Build.0 = Release|Any CPU
		{C8C58F2A-16C6-468B-98EB-4FD60A987FE1}.Release|x86.ActiveCfg = Release|Any CPU
		{C8C58F2A-16C6-468B-98EB-4FD60A987FE1}.Release|x86.Build.0 = Release|Any CPU
		{50CE86E9-5FFF-4F49-970C-C561EAC5C82A}.Debug|Any CPU.ActiveCfg = Debug|Any CPU
		{50CE86E9-5FFF-4F49-970C-C561EAC5C82A}.Debug|Any CPU.Build.0 = Debug|Any CPU
		{50CE86E9-5FFF-4F49-970C-C561EAC5C82A}.Debug|x64.ActiveCfg = Debug|Any CPU
		{50CE86E9-5FFF-4F49-970C-C561EAC5C82A}.Debug|x64.Build.0 = Debug|Any CPU
		{50CE86E9-5FFF-4F49-970C-C561EAC5C82A}.Debug|x86.ActiveCfg = Debug|Any CPU
		{50CE86E9-5FFF-4F49-970C-C561EAC5C82A}.Debug|x86.Build.0 = Debug|Any CPU
		{50CE86E9-5FFF-4F49-970C-C561EAC5C82A}.Release|Any CPU.ActiveCfg = Release|Any CPU
		{50CE86E9-5FFF-4F49-970C-C561EAC5C82A}.Release|Any CPU.Build.0 = Release|Any CPU
		{50CE86E9-5FFF-4F49-970C-C561EAC5C82A}.Release|x64.ActiveCfg = Release|Any CPU
		{50CE86E9-5FFF-4F49-970C-C561EAC5C82A}.Release|x64.Build.0 = Release|Any CPU
		{50CE86E9-5FFF-4F49-970C-C561EAC5C82A}.Release|x86.ActiveCfg = Release|Any CPU
		{50CE86E9-5FFF-4F49-970C-C561EAC5C82A}.Release|x86.Build.0 = Release|Any CPU
	EndGlobalSection
	GlobalSection(NestedProjects) = preSolution
		{50CE86E9-5FFF-4F49-970C-C561EAC5C82A} = {00E99729-E0F0-40CD-9C8A-AD8065AC0F90}
	EndGlobalSection
EndGlobal
